
Microsoft Visual Studio Solution File, Format Version 12.00
# Visual Studio Version 16
VisualStudioVersion = 16.0.31410.357
MinimumVisualStudioVersion = 10.0.40219.1
Project("{FAE04EC0-301F-11D3-BF4B-00C04F79EFBC}") = "Criptografia Remasterizado", "Criptografia Remasterizado\Criptografia Remasterizado.csproj", "{04C06CAD-E1E6-4A8B-9C00-DEA4312297CB}"
EndProject
Global
	GlobalSection(SolutionConfigurationPlatforms) = preSolution
		Debug|Any CPU = Debug|Any CPU
		Release|Any CPU = Release|Any CPU
	EndGlobalSection
	GlobalSection(ProjectConfigurationPlatforms) = postSolution
		{04C06CAD-E1E6-4A8B-9C00-DEA4312297CB}.Debug|Any CPU.ActiveCfg = Debug|Any CPU
		{04C06CAD-E1E6-4A8B-9C00-DEA4312297CB}.Debug|Any CPU.Build.0 = Debug|Any CPU
		{04C06CAD-E1E6-4A8B-9C00-DEA4312297CB}.Release|Any CPU.ActiveCfg = Release|Any CPU
		{04C06CAD-E1E6-4A8B-9C00-DEA4312297CB}.Release|Any CPU.Build.0 = Release|Any CPU
	EndGlobalSection
	GlobalSection(SolutionProperties) = preSolution
		HideSolutionNode = FALSE
	EndGlobalSection
	GlobalSection(ExtensibilityGlobals) = postSolution
		SolutionGuid = {C7F89F16-C602-4C66-A605-4F29EC015B08}
	EndGlobalSection
EndGlobal
